
Microsoft Visual Studio Solution File, Format Version 12.00
# Visual Studio Version 17
VisualStudioVersion = 17.7.34018.315
MinimumVisualStudioVersion = 10.0.40219.1
Project("{FAE04EC0-301F-11D3-BF4B-00C04F79EFBC}") = "CpuSim4", "CpuSim4.csproj", "{7D27C3BE-C028-403A-8DCF-C3FDEE5AD57B}"
EndProject
Global
	GlobalSection(SolutionConfigurationPlatforms) = preSolution
		Debug|Any CPU = Debug|Any CPU
		Release|Any CPU = Release|Any CPU
	EndGlobalSection
	GlobalSection(ProjectConfigurationPlatforms) = postSolution
		{7D27C3BE-C028-403A-8DCF-C3FDEE5AD57B}.Debug|Any CPU.ActiveCfg = Debug|Any CPU
		{7D27C3BE-C028-403A-8DCF-C3FDEE5AD57B}.Debug|Any CPU.Build.0 = Debug|Any CPU
		{7D27C3BE-C028-403A-8DCF-C3FDEE5AD57B}.Release|Any CPU.ActiveCfg = Release|Any CPU
		{7D27C3BE-C028-403A-8DCF-C3FDEE5AD57B}.Release|Any CPU.Build.0 = Release|Any CPU
	EndGlobalSection
	GlobalSection(SolutionProperties) = preSolution
		HideSolutionNode = FALSE
	EndGlobalSection
	GlobalSection(ExtensibilityGlobals) = postSolution
		SolutionGuid = {2F669CD0-2CD2-4B9A-92CD-6F6D7E998BCA}
	EndGlobalSection
EndGlobal
